<Solution>
  <Folder Name="/Solution Items/">
    <File Path=".gitignore" />
  </Folder>
  <Project Path="Banking.API/Banking.API.csproj" />
  <Project Path="Banking.Application/Banking.Application.csproj" />
  <Project Path="Banking.Domain/Banking.Domain.csproj" />
  <Project Path="Banking.Infrastructure/Banking.Infrastructure.csproj" />
  <Project Path="Banking.Persistence/Banking.Persistence.csproj" />
</Solution>
